{
  "requires": true,
  "lockfileVersion": 1,
  "dependencies": {
    "react-native-geocoding": {
      "version": "0.5.0",
      "resolved": "https://repo.dev.wixpress.com/artifactory/api/npm/npm-repos/react-native-geocoding/-/react-native-geocoding-0.5.0.tgz",
      "integrity": "sha1-aXSPiWBHpj0cPB1VJV+dZ8jidcI="
    }
  }
}
